
Microsoft Visual Studio Solution File, Format Version 12.00
# Visual Studio 15
VisualStudioVersion = 15.0.27703.2026
MinimumVisualStudioVersion = 10.0.40219.1
Project("{FAE04EC0-301F-11D3-BF4B-00C04F79EFBC}") = "WebApp", "WebApp\WebApp.csproj", "{A9784785-7A32-4091-AF58-CE909B6F9912}"
EndProject
Project("{FAE04EC0-301F-11D3-BF4B-00C04F79EFBC}") = "NorthWindSystem", "NorthwindSystem\NorthWindSystem.csproj", "{8FDD3ED1-498E-4318-A9DF-43EDB9A23C70}"
EndProject
Project("{FAE04EC0-301F-11D3-BF4B-00C04F79EFBC}") = "NorthWindSytem.Data", "NorthWindSytem.Data\NorthWindSytem.Data.csproj", "{88B93DB2-C4D9-423B-A057-A567673FBFBB}"
EndProject
Global
	GlobalSection(SolutionConfigurationPlatforms) = preSolution
		Debug|Any CPU = Debug|Any CPU
		Release|Any CPU = Release|Any CPU
	EndGlobalSection
	GlobalSection(ProjectConfigurationPlatforms) = postSolution
		{A9784785-7A32-4091-AF58-CE909B6F9912}.Debug|Any CPU.ActiveCfg = Debug|Any CPU
		{A9784785-7A32-4091-AF58-CE909B6F9912}.Debug|Any CPU.Build.0 = Debug|Any CPU
		{A9784785-7A32-4091-AF58-CE909B6F9912}.Release|Any CPU.ActiveCfg = Release|Any CPU
		{A9784785-7A32-4091-AF58-CE909B6F9912}.Release|Any CPU.Build.0 = Release|Any CPU
		{8FDD3ED1-498E-4318-A9DF-43EDB9A23C70}.Debug|Any CPU.ActiveCfg = Debug|Any CPU
		{8FDD3ED1-498E-4318-A9DF-43EDB9A23C70}.Debug|Any CPU.Build.0 = Debug|Any CPU
		{8FDD3ED1-498E-4318-A9DF-43EDB9A23C70}.Release|Any CPU.ActiveCfg = Release|Any CPU
		{8FDD3ED1-498E-4318-A9DF-43EDB9A23C70}.Release|Any CPU.Build.0 = Release|Any CPU
		{88B93DB2-C4D9-423B-A057-A567673FBFBB}.Debug|Any CPU.ActiveCfg = Debug|Any CPU
		{88B93DB2-C4D9-423B-A057-A567673FBFBB}.Debug|Any CPU.Build.0 = Debug|Any CPU
		{88B93DB2-C4D9-423B-A057-A567673FBFBB}.Release|Any CPU.ActiveCfg = Release|Any CPU
		{88B93DB2-C4D9-423B-A057-A567673FBFBB}.Release|Any CPU.Build.0 = Release|Any CPU
	EndGlobalSection
	GlobalSection(SolutionProperties) = preSolution
		HideSolutionNode = FALSE
	EndGlobalSection
	GlobalSection(ExtensibilityGlobals) = postSolution
		SolutionGuid = {D1C5C96A-D9ED-4ACE-978D-90E59E5E88B0}
	EndGlobalSection
EndGlobal
